# This file is automatically @generated by Poetry 1.7.1 and should not be changed by hand.

[[package]]
name = "coverage"
version = "7.4.2"
description = "Code coverage measurement for Python"
optional = false
python-versions = ">=3.8"
files = [
    {file = "coverage-7.4.2-cp310-cp310-macosx_10_9_x86_64.whl", hash = "sha256:bf54c3e089179d9d23900e3efc86d46e4431188d9a657f345410eecdd0151f50"},
    {file = "coverage-7.4.2-cp310-cp310-macosx_11_0_arm64.whl", hash = "sha256:fe6e43c8b510719b48af7db9631b5fbac910ade4bd90e6378c85ac5ac706382c"},
    {file = "coverage-7.4.2-cp310-cp310-manylinux_2_17_aarch64.manylinux2014_aarch64.whl", hash = "sha256:8b98c89db1b150d851a7840142d60d01d07677a18f0f46836e691c38134ed18b"},
    {file = "coverage-7.4.2-cp310-cp310-manylinux_2_5_i686.manylinux1_i686.manylinux_2_17_i686.manylinux2014_i686.whl", hash = "sha256:c5f9683be6a5b19cd776ee4e2f2ffb411424819c69afab6b2db3a0a364ec6642"},
    {file = "coverage-7.4.2-cp310-cp310-manylinux_2_5_x86_64.manylinux1_x86_64.manylinux_2_17_x86_64.manylinux2014_x86_64.whl", hash = "sha256:78cdcbf7b9cb83fe047ee09298e25b1cd1636824067166dc97ad0543b079d22f"},
    {file = "coverage-7.4.2-cp310-cp310-musllinux_1_1_aarch64.whl", hash = "sha256:2599972b21911111114100d362aea9e70a88b258400672626efa2b9e2179609c"},
    {file = "coverage-7.4.2-cp310-cp310-musllinux_1_1_i686.whl", hash = "sha256:ef00d31b7569ed3cb2036f26565f1984b9fc08541731ce01012b02a4c238bf03"},
    {file = "coverage-7.4.2-cp310-cp310-musllinux_1_1_x86_64.whl", hash = "sha256:20a875bfd8c282985c4720c32aa05056f77a68e6d8bbc5fe8632c5860ee0b49b"},
    {file = "coverage-7.4.2-cp310-cp310-win32.whl", hash = "sha256:b3f2b1eb229f23c82898eedfc3296137cf1f16bb145ceab3edfd17cbde273fb7"},
    {file = "coverage-7.4.2-cp310-cp310-win_amd64.whl", hash = "sha256:7df95fdd1432a5d2675ce630fef5f239939e2b3610fe2f2b5bf21fa505256fa3"},
    {file = "coverage-7.4.2-cp311-cp311-macosx_10_9_x86_64.whl", hash = "sha256:a8ddbd158e069dded57738ea69b9744525181e99974c899b39f75b2b29a624e2"},
    {file = "coverage-7.4.2-cp311-cp311-macosx_11_0_arm64.whl", hash = "sha256:81a5fb41b0d24447a47543b749adc34d45a2cf77b48ca74e5bf3de60a7bd9edc"},
    {file = "coverage-7.4.2-cp311-cp311-manylinux_2_17_aarch64.manylinux2014_aarch64.whl", hash = "sha256:2412e98e70f16243be41d20836abd5f3f32edef07cbf8f407f1b6e1ceae783ac"},
    {file = "coverage-7.4.2-cp311-cp311-manylinux_2_5_i686.manylinux1_i686.manylinux_2_17_i686.manylinux2014_i686.whl", hash = "sha256:ddb79414c15c6f03f56cc68fa06994f047cf20207c31b5dad3f6bab54a0f66ef"},
    {file = "coverage-7.4.2-cp311-cp311-manylinux_2_5_x86_64.manylinux1_x86_64.manylinux_2_17_x86_64.manylinux2014_x86_64.whl", hash = "sha256:cf89ab85027427d351f1de918aff4b43f4eb5f33aff6835ed30322a86ac29c9e"},
    {file = "coverage-7.4.2-cp311-cp311-musllinux_1_1_aarch64.whl", hash = "sha256:a178b7b1ac0f1530bb28d2e51f88c0bab3e5949835851a60dda80bff6052510c"},
    {file = "coverage-7.4.2-cp311-cp311-musllinux_1_1_i686.whl", hash = "sha256:06fe398145a2e91edaf1ab4eee66149c6776c6b25b136f4a86fcbbb09512fd10"},
    {file = "coverage-7.4.2-cp311-cp311-musllinux_1_1_x86_64.whl", hash = "sha256:18cac867950943fe93d6cd56a67eb7dcd2d4a781a40f4c1e25d6f1ed98721a55"},
    {file = "coverage-7.4.2-cp311-cp311-win32.whl", hash = "sha256:f72cdd2586f9a769570d4b5714a3837b3a59a53b096bb954f1811f6a0afad305"},
    {file = "coverage-7.4.2-cp311-cp311-win_amd64.whl", hash = "sha256:d779a48fac416387dd5673fc5b2d6bd903ed903faaa3247dc1865c65eaa5a93e"},
    {file = "coverage-7.4.2-cp312-cp312-macosx_10_9_x86_64.whl", hash = "sha256:adbdfcda2469d188d79771d5696dc54fab98a16d2ef7e0875013b5f56a251047"},
    {file = "coverage-7.4.2-cp312-cp312-macosx_11_0_arm64.whl", hash = "sha256:ac4bab32f396b03ebecfcf2971668da9275b3bb5f81b3b6ba96622f4ef3f6e17"},
    {file = "coverage-7.4.2-cp312-cp312-manylinux_2_17_aarch64.manylinux2014_aarch64.whl", hash = "sha256:006d220ba2e1a45f1de083d5022d4955abb0aedd78904cd5a779b955b019ec73"},
    {file = "coverage-7.4.2-cp312-cp312-manylinux_2_5_i686.manylinux1_i686.manylinux_2_17_i686.manylinux2014_i686.whl", hash = "sha256:3733545eb294e5ad274abe131d1e7e7de4ba17a144505c12feca48803fea5f64"},
    {file = "coverage-7.4.2-cp312-cp312-manylinux_2_5_x86_64.manylinux1_x86_64.manylinux_2_17_x86_64.manylinux2014_x86_64.whl", hash = "sha256:42a9e754aa250fe61f0f99986399cec086d7e7a01dd82fd863a20af34cbce962"},
    {file = "coverage-7.4.2-cp312-cp312-musllinux_1_1_aarch64.whl", hash = "sha256:2ed37e16cf35c8d6e0b430254574b8edd242a367a1b1531bd1adc99c6a5e00fe"},
    {file = "coverage-7.4.2-cp312-cp312-musllinux_1_1_i686.whl", hash = "sha256:b953275d4edfab6cc0ed7139fa773dfb89e81fee1569a932f6020ce7c6da0e8f"},
    {file = "coverage-7.4.2-cp312-cp312-musllinux_1_1_x86_64.whl", hash = "sha256:32b4ab7e6c924f945cbae5392832e93e4ceb81483fd6dc4aa8fb1a97b9d3e0e1"},
    {file = "coverage-7.4.2-cp312-cp312-win32.whl", hash = "sha256:f5df76c58977bc35a49515b2fbba84a1d952ff0ec784a4070334dfbec28a2def"},
    {file = "coverage-7.4.2-cp312-cp312-win_amd64.whl", hash = "sha256:34423abbaad70fea9d0164add189eabaea679068ebdf693baa5c02d03e7db244"},
    {file = "coverage-7.4.2-cp38-cp38-macosx_10_9_x86_64.whl", hash = "sha256:5b11f9c6587668e495cc7365f85c93bed34c3a81f9f08b0920b87a89acc13469"},
    {file = "coverage-7.4.2-cp38-cp38-macosx_11_0_arm64.whl", hash = "sha256:51593a1f05c39332f623d64d910445fdec3d2ac2d96b37ce7f331882d5678ddf"},
    {file = "coverage-7.4.2-cp38-cp38-manylinux_2_17_aarch64.manylinux2014_aarch64.whl", hash = "sha256:69f1665165ba2fe7614e2f0c1aed71e14d83510bf67e2ee13df467d1c08bf1e8"},
    {file = "coverage-7.4.2-cp38-cp38-manylinux_2_5_i686.manylinux1_i686.manylinux_2_17_i686.manylinux2014_i686.whl", hash = "sha256:b3c8bbb95a699c80a167478478efe5e09ad31680931ec280bf2087905e3b95ec"},
    {file = "coverage-7.4.2-cp38-cp38-manylinux_2_5_x86_64.manylinux1_x86_64.manylinux_2_17_x86_64.manylinux2014_x86_64.whl", hash = "sha256:175f56572f25e1e1201d2b3e07b71ca4d201bf0b9cb8fad3f1dfae6a4188de86"},
    {file = "coverage-7.4.2-cp38-cp38-musllinux_1_1_aarch64.whl", hash = "sha256:8562ca91e8c40864942615b1d0b12289d3e745e6b2da901d133f52f2d510a1e3"},
    {file = "coverage-7.4.2-cp38-cp38-musllinux_1_1_i686.whl", hash = "sha256:d9a1ef0f173e1a19738f154fb3644f90d0ada56fe6c9b422f992b04266c55d5a"},
    {file = "coverage-7.4.2-cp38-cp38-musllinux_1_1_x86_64.whl", hash = "sha256:f40ac873045db4fd98a6f40387d242bde2708a3f8167bd967ccd43ad46394ba2"},
    {file = "coverage-7.4.2-cp38-cp38-win32.whl", hash = "sha256:d1b750a8409bec61caa7824bfd64a8074b6d2d420433f64c161a8335796c7c6b"},
    {file = "coverage-7.4.2-cp38-cp38-win_amd64.whl", hash = "sha256:b4ae777bebaed89e3a7e80c4a03fac434a98a8abb5251b2a957d38fe3fd30088"},
    {file = "coverage-7.4.2-cp39-cp39-macosx_10_9_x86_64.whl", hash = "sha256:3ff7f92ae5a456101ca8f48387fd3c56eb96353588e686286f50633a611afc95"},
    {file = "coverage-7.4.2-cp39-cp39-macosx_11_0_arm64.whl", hash = "sha256:861d75402269ffda0b33af94694b8e0703563116b04c681b1832903fac8fd647"},
    {file = "coverage-7.4.2-cp39-cp39-manylinux_2_17_aarch64.manylinux2014_aarch64.whl", hash = "sha256:3507427d83fa961cbd73f11140f4a5ce84208d31756f7238d6257b2d3d868405"},
    {file = "coverage-7.4.2-cp39-cp39-manylinux_2_5_i686.manylinux1_i686.manylinux_2_17_i686.manylinux2014_i686.whl", hash = "sha256:bf711d517e21fb5bc429f5c4308fbc430a8585ff2a43e88540264ae87871e36a"},
    {file = "coverage-7.4.2-cp39-cp39-manylinux_2_5_x86_64.manylinux1_x86_64.manylinux_2_17_x86_64.manylinux2014_x86_64.whl", hash = "sha256:c00e54f0bd258ab25e7f731ca1d5144b0bf7bec0051abccd2bdcff65fa3262c9"},
    {file = "coverage-7.4.2-cp39-cp39-musllinux_1_1_aarch64.whl", hash = "sha256:f8e845d894e39fb53834da826078f6dc1a933b32b1478cf437007367efaf6f6a"},
    {file = "coverage-7.4.2-cp39-cp39-musllinux_1_1_i686.whl", hash = "sha256:840456cb1067dc350af9080298c7c2cfdddcedc1cb1e0b30dceecdaf7be1a2d3"},
    {file = "coverage-7.4.2-cp39-cp39-musllinux_1_1_x86_64.whl", hash = "sha256:c11ca2df2206a4e3e4c4567f52594637392ed05d7c7fb73b4ea1c658ba560265"},
    {file = "coverage-7.4.2-cp39-cp39-win32.whl", hash = "sha256:3ff5bdb08d8938d336ce4088ca1a1e4b6c8cd3bef8bb3a4c0eb2f37406e49643"},
    {file = "coverage-7.4.2-cp39-cp39-win_amd64.whl", hash = "sha256:ac9e95cefcf044c98d4e2c829cd0669918585755dd9a92e28a1a7012322d0a95"},
    {file = "coverage-7.4.2-pp38.pp39.pp310-none-any.whl", hash = "sha256:f593a4a90118d99014517c2679e04a4ef5aee2d81aa05c26c734d271065efcb6"},
    {file = "coverage-7.4.2.tar.gz", hash = "sha256:1a5ee18e3a8d766075ce9314ed1cb695414bae67df6a4b0805f5137d93d6f1cb"},
]

[package.extras]
toml = ["tomli"]

[[package]]
name = "flake8"
version = "7.0.0"
description = "the modular source code checker: pep8 pyflakes and co"
optional = false
python-versions = ">=3.8.1"
files = [
    {file = "flake8-7.0.0-py2.py3-none-any.whl", hash = "sha256:a6dfbb75e03252917f2473ea9653f7cd799c3064e54d4c8140044c5c065f53c3"},
    {file = "flake8-7.0.0.tar.gz", hash = "sha256:33f96621059e65eec474169085dc92bf26e7b2d47366b70be2f67ab80dc25132"},
]

[package.dependencies]
mccabe = ">=0.7.0,<0.8.0"
pycodestyle = ">=2.11.0,<2.12.0"
pyflakes = ">=3.2.0,<3.3.0"

[[package]]
name = "mccabe"
version = "0.7.0"
description = "McCabe checker, plugin for flake8"
optional = false
python-versions = ">=3.6"
files = [
    {file = "mccabe-0.7.0-py2.py3-none-any.whl", hash = "sha256:6c2d30ab6be0e4a46919781807b4f0d834ebdd6c6e3dca0bda5a15f863427b6e"},
    {file = "mccabe-0.7.0.tar.gz", hash = "sha256:348e0240c33b60bbdf4e523192ef919f28cb2c3d7d5c7794f74009290f236325"},
]

[[package]]
name = "numpy"
version = "2.2.4"
description = "Fundamental package for array computing in Python"
optional = false
python-versions = ">=3.10"
files = [
    {file = "numpy-2.2.4-cp310-cp310-macosx_10_9_x86_64.whl", hash = "sha256:8146f3550d627252269ac42ae660281d673eb6f8b32f113538e0cc2a9aed42b9"},
    {file = "numpy-2.2.4-cp310-cp310-macosx_11_0_arm64.whl", hash = "sha256:e642d86b8f956098b564a45e6f6ce68a22c2c97a04f5acd3f221f57b8cb850ae"},
    {file = "numpy-2.2.4-cp310-cp310-macosx_14_0_arm64.whl", hash = "sha256:a84eda42bd12edc36eb5b53bbcc9b406820d3353f1994b6cfe453a33ff101775"},
    {file = "numpy-2.2.4-cp310-cp310-macosx_14_0_x86_64.whl", hash = "sha256:4ba5054787e89c59c593a4169830ab362ac2bee8a969249dc56e5d7d20ff8df9"},
    {file = "numpy-2.2.4-cp310-cp310-manylinux_2_17_aarch64.manylinux2014_aarch64.whl", hash = "sha256:7716e4a9b7af82c06a2543c53ca476fa0b57e4d760481273e09da04b74ee6ee2"},
    {file = "numpy-2.2.4-cp310-cp310-manylinux_2_17_x86_64.manylinux2014_x86_64.whl", hash = "sha256:adf8c1d66f432ce577d0197dceaac2ac00c0759f573f28516246351c58a85020"},
    {file = "numpy-2.2.4-cp310-cp310-musllinux_1_2_aarch64.whl", hash = "sha256:218f061d2faa73621fa23d6359442b0fc658d5b9a70801373625d958259eaca3"},
    {file = "numpy-2.2.4-cp310-cp310-musllinux_1_2_x86_64.whl", hash = "sha256:df2f57871a96bbc1b69733cd4c51dc33bea66146b8c63cacbfed73eec0883017"},
    {file = "numpy-2.2.4-cp310-cp310-win32.whl", hash = "sha256:a0258ad1f44f138b791327961caedffbf9612bfa504ab9597157806faa95194a"},
    {file = "numpy-2.2.4-cp310-cp310-win_amd64.whl", hash = "sha256:0d54974f9cf14acf49c60f0f7f4084b6579d24d439453d5fc5805d46a165b542"},
    {file = "numpy-2.2.4-cp311-cp311-macosx_10_9_x86_64.whl", hash = "sha256:e9e0a277bb2eb5d8a7407e14688b85fd8ad628ee4e0c7930415687b6564207a4"},
    {file = "numpy-2.2.4-cp311-cp311-macosx_11_0_arm64.whl", hash = "sha256:9eeea959168ea555e556b8188da5fa7831e21d91ce031e95ce23747b7609f8a4"},
    {file = "numpy-2.2.4-cp311-cp311-macosx_14_0_arm64.whl", hash = "sha256:bd3ad3b0a40e713fc68f99ecfd07124195333f1e689387c180813f0e94309d6f"},
    {file = "numpy-2.2.4-cp311-cp311-macosx_14_0_x86_64.whl", hash = "sha256:cf28633d64294969c019c6df4ff37f5698e8326db68cc2b66576a51fad634880"},
    {file = "numpy-2.2.4-cp311-cp311-manylinux_2_17_aarch64.manylinux2014_aarch64.whl", hash = "sha256:2fa8fa7697ad1646b5c93de1719965844e004fcad23c91228aca1cf0800044a1"},
    {file = "numpy-2.2.4-cp311-cp311-manylinux_2_17_x86_64.manylinux2014_x86_64.whl", hash = "sha256:f4162988a360a29af158aeb4a2f4f09ffed6a969c9776f8f3bdee9b06a8ab7e5"},
    {file = "numpy-2.2.4-cp311-cp311-musllinux_1_2_aarch64.whl", hash = "sha256:892c10d6a73e0f14935c31229e03325a7b3093fafd6ce0af704be7f894d95687"},
    {file = "numpy-2.2.4-cp311-cp311-musllinux_1_2_x86_64.whl", hash = "sha256:db1f1c22173ac1c58db249ae48aa7ead29f534b9a948bc56828337aa84a32ed6"},
    {file = "numpy-2.2.4-cp311-cp311-win32.whl", hash = "sha256:ea2bb7e2ae9e37d96835b3576a4fa4b3a97592fbea8ef7c3587078b0068b8f09"},
    {file = "numpy-2.2.4-cp311-cp311-win_amd64.whl", hash = "sha256:f7de08cbe5551911886d1ab60de58448c6df0f67d9feb7d1fb21e9875ef95e91"},
    {file = "numpy-2.2.4-cp312-cp312-macosx_10_13_x86_64.whl", hash = "sha256:a7b9084668aa0f64e64bd00d27ba5146ef1c3a8835f3bd912e7a9e01326804c4"},
    {file = "numpy-2.2.4-cp312-cp312-macosx_11_0_arm64.whl", hash = "sha256:dbe512c511956b893d2dacd007d955a3f03d555ae05cfa3ff1c1ff6df8851854"},
    {file = "numpy-2.2.4-cp312-cp312-macosx_14_0_arm64.whl", hash = "sha256:bb649f8b207ab07caebba230d851b579a3c8711a851d29efe15008e31bb4de24"},
    {file = "numpy-2.2.4-cp312-cp312-macosx_14_0_x86_64.whl", hash = "sha256:f34dc300df798742b3d06515aa2a0aee20941c13579d7a2f2e10af01ae4901ee"},
    {file = "numpy-2.2.4-cp312-cp312-manylinux_2_17_aarch64.manylinux2014_aarch64.whl", hash = "sha256:c3f7ac96b16955634e223b579a3e5798df59007ca43e8d451a0e6a50f6bfdfba"},
    {file = "numpy-2.2.4-cp312-cp312-manylinux_2_17_x86_64.manylinux2014_x86_64.whl", hash = "sha256:4f92084defa704deadd4e0a5ab1dc52d8ac9e8a8ef617f3fbb853e79b0ea3592"},
    {file = "numpy-2.2.4-cp312-cp312-musllinux_1_2_aarch64.whl", hash = "sha256:7a4e84a6283b36632e2a5b56e121961f6542ab886bc9e12f8f9818b3c266bfbb"},
    {file = "numpy-2.2.4-cp312-cp312-musllinux_1_2_x86_64.whl", hash = "sha256:11c43995255eb4127115956495f43e9343736edb7fcdb0d973defd9de14cd84f"},
    {file = "numpy-2.2.4-cp312-cp312-win32.whl", hash = "sha256:65ef3468b53269eb5fdb3a5c09508c032b793da03251d5f8722b1194f1790c00"},
    {file = "numpy-2.2.4-cp312-cp312-win_amd64.whl", hash = "sha256:2aad3c17ed2ff455b8eaafe06bcdae0062a1db77cb99f4b9cbb5f4ecb13c5146"},
    {file = "numpy-2.2.4-cp313-cp313-macosx_10_13_x86_64.whl", hash = "sha256:1cf4e5c6a278d620dee9ddeb487dc6a860f9b199eadeecc567f777daace1e9e7"},
    {file = "numpy-2.2.4-cp313-cp313-macosx_11_0_arm64.whl", hash = "sha256:1974afec0b479e50438fc3648974268f972e2d908ddb6d7fb634598cdb8260a0"},
    {file = "numpy-2.2.4-cp313-cp313-macosx_14_0_arm64.whl", hash = "sha256:79bd5f0a02aa16808fcbc79a9a376a147cc1045f7dfe44c6e7d53fa8b8a79392"},
    {file = "numpy-2.2.4-cp313-cp313-macosx_14_0_x86_64.whl", hash = "sha256:3387dd7232804b341165cedcb90694565a6015433ee076c6754775e85d86f1fc"},
    {file = "numpy-2.2.4-cp313-cp313-manylinux_2_17_aarch64.manylinux2014_aarch64.whl", hash = "sha256:6f527d8fdb0286fd2fd97a2a96c6be17ba4232da346931d967a0630050dfd298"},
    {file = "numpy-2.2.4-cp313-cp313-manylinux_2_17_x86_64.manylinux2014_x86_64.whl", hash = "sha256:bce43e386c16898b91e162e5baaad90c4b06f9dcbe36282490032cec98dc8ae7"},
    {file = "numpy-2.2.4-cp313-cp313-musllinux_1_2_aarch64.whl", hash = "sha256:31504f970f563d99f71a3512d0c01a645b692b12a63630d6aafa0939e52361e6"},
    {file = "numpy-2.2.4-cp313-cp313-musllinux_1_2_x86_64.whl", hash = "sha256:81413336ef121a6ba746892fad881a83351ee3e1e4011f52e97fba79233611fd"},
    {file = "numpy-2.2.4-cp313-cp313-win32.whl", hash = "sha256:f486038e44caa08dbd97275a9a35a283a8f1d2f0ee60ac260a1790e76660833c"},
    {file = "numpy-2.2.4-cp313-cp313-win_amd64.whl", hash = "sha256:207a2b8441cc8b6a2a78c9ddc64d00d20c303d79fba08c577752f080c4007ee3"},
    {file = "numpy-2.2.4-cp313-cp313t-macosx_10_13_x86_64.whl", hash = "sha256:8120575cb4882318c791f839a4fd66161a6fa46f3f0a5e613071aae35b5dd8f8"},
    {file = "numpy-2.2.4-cp313-cp313t-macosx_11_0_arm64.whl", hash = "sha256:a761ba0fa886a7bb33c6c8f6f20213735cb19642c580a931c625ee377ee8bd39"},
    {file = "numpy-2.2.4-cp313-cp313t-macosx_14_0_arm64.whl", hash = "sha256:ac0280f1ba4a4bfff363a99a6aceed4f8e123f8a9b234c89140f5e894e452ecd"},
    {file = "numpy-2.2.4-cp313-cp313t-macosx_14_0_x86_64.whl", hash = "sha256:879cf3a9a2b53a4672a168c21375166171bc3932b7e21f622201811c43cdd3b0"},
    {file = "numpy-2.2.4-cp313-cp313t-manylinux_2_17_aarch64.manylinux2014_aarch64.whl", hash = "sha256:f05d4198c1bacc9124018109c5fba2f3201dbe7ab6e92ff100494f236209c960"},
    {file = "numpy-2.2.4-cp313-cp313t-manylinux_2_17_x86_64.manylinux2014_x86_64.whl", hash = "sha256:e2f085ce2e813a50dfd0e01fbfc0c12bbe5d2063d99f8b29da30e544fb6483b8"},
    {file = "numpy-2.2.4-cp313-cp313t-musllinux_1_2_aarch64.whl", hash = "sha256:92bda934a791c01d6d9d8e038363c50918ef7c40601552a58ac84c9613a665bc"},
    {file = "numpy-2.2.4-cp313-cp313t-musllinux_1_2_x86_64.whl", hash = "sha256:ee4d528022f4c5ff67332469e10efe06a267e32f4067dc76bb7e2cddf3cd25ff"},
    {file = "numpy-2.2.4-cp313-cp313t-win32.whl", hash = "sha256:05c076d531e9998e7e694c36e8b349969c56eadd2cdcd07242958489d79a7286"},
    {file = "numpy-2.2.4-cp313-cp313t-win_amd64.whl", hash = "sha256:188dcbca89834cc2e14eb2f106c96d6d46f200fe0200310fc29089657379c58d"},
    {file = "numpy-2.2.4-pp310-pypy310_pp73-macosx_10_15_x86_64.whl", hash = "sha256:7051ee569db5fbac144335e0f3b9c2337e0c8d5c9fee015f259a5bd70772b7e8"},
    {file = "numpy-2.2.4-pp310-pypy310_pp73-macosx_14_0_x86_64.whl", hash = "sha256:ab2939cd5bec30a7430cbdb2287b63151b77cf9624de0532d629c9a1c59b1d5c"},
    {file = "numpy-2.2.4-pp310-pypy310_pp73-manylinux_2_17_x86_64.manylinux2014_x86_64.whl", hash = "sha256:d0f35b19894a9e08639fd60a1ec1978cb7f5f7f1eace62f38dd36be8aecdef4d"},
    {file = "numpy-2.2.4-pp310-pypy310_pp73-win_amd64.whl", hash = "sha256:b4adfbbc64014976d2f91084915ca4e626fbf2057fb81af209c1a6d776d23e3d"},
    {file = "numpy-2.2.4.tar.gz", hash = "sha256:9ba03692a45d3eef66559efe1d1096c4b9b75c0986b5dff5530c378fb8331d4f"},
]

[[package]]
name = "pandas"
version = "2.2.3"
description = "Powerful data structures for data analysis, time series, and statistics"
optional = false
python-versions = ">=3.9"
files = [
    {file = "pandas-2.2.3-cp310-cp310-macosx_10_9_x86_64.whl", hash = "sha256:1948ddde24197a0f7add2bdc4ca83bf2b1ef84a1bc8ccffd95eda17fd836ecb5"},
    {file = "pandas-2.2.3-cp310-cp310-macosx_11_0_arm64.whl", hash = "sha256:381175499d3802cde0eabbaf6324cce0c4f5d52ca6f8c377c29ad442f50f6348"},
    {file = "pandas-2.2.3-cp310-cp310-manylinux2014_aarch64.manylinux_2_17_aarch64.whl", hash = "sha256:d9c45366def9a3dd85a6454c0e7908f2b3b8e9c138f5dc38fed7ce720d8453ed"},
    {file = "pandas-2.2.3-cp310-cp310-manylinux_2_17_x86_64.manylinux2014_x86_64.whl", hash = "sha256:86976a1c5b25ae3f8ccae3a5306e443569ee3c3faf444dfd0f41cda24667ad57"},
    {file = "pandas-2.2.3-cp310-cp310-musllinux_1_2_aarch64.whl", hash = "sha256:b8661b0238a69d7aafe156b7fa86c44b881387509653fdf857bebc5e4008ad42"},
    {file = "pandas-2.2.3-cp310-cp310-musllinux_1_2_x86_64.whl", hash = "sha256:37e0aced3e8f539eccf2e099f65cdb9c8aa85109b0be6e93e2baff94264bdc6f"},
    {file = "pandas-2.2.3-cp310-cp310-win_amd64.whl", hash = "sha256:56534ce0746a58afaf7942ba4863e0ef81c9c50d3f0ae93e9497d6a41a057645"},
    {file = "pandas-2.2.3-cp311-cp311-macosx_10_9_x86_64.whl", hash = "sha256:66108071e1b935240e74525006034333f98bcdb87ea116de573a6a0dccb6c039"},
    {file = "pandas-2.2.3-cp311-cp311-macosx_11_0_arm64.whl", hash = "sha256:7c2875855b0ff77b2a64a0365e24455d9990730d6431b9e0ee18ad8acee13dbd"},
    {file = "pandas-2.2.3-cp311-cp311-manylinux2014_aarch64.manylinux_2_17_aarch64.whl", hash = "sha256:cd8d0c3be0515c12fed0bdbae072551c8b54b7192c7b1fda0ba56059a0179698"},
    {file = "pandas-2.2.3-cp311-cp311-manylinux_2_17_x86_64.manylinux2014_x86_64.whl", hash = "sha256:c124333816c3a9b03fbeef3a9f230ba9a737e9e5bb4060aa2107a86cc0a497fc"},
    {file = "pandas-2.2.3-cp311-cp311-musllinux_1_2_aarch64.whl", hash = "sha256:63cc132e40a2e084cf01adf0775b15ac515ba905d7dcca47e9a251819c575ef3"},
    {file = "pandas-2.2.3-cp311-cp311-musllinux_1_2_x86_64.whl", hash = "sha256:29401dbfa9ad77319367d36940cd8a0b3a11aba16063e39632d98b0e931ddf32"},
    {file = "pandas-2.2.3-cp311-cp311-win_amd64.whl", hash = "sha256:3fc6873a41186404dad67245896a6e440baacc92f5b716ccd1bc9ed2995ab2c5"},
    {file = "pandas-2.2.3-cp312-cp312-macosx_10_9_x86_64.whl", hash = "sha256:b1d432e8d08679a40e2a6d8b2f9770a5c21793a6f9f47fdd52c5ce1948a5a8a9"},
    {file = "pandas-2.2.3-cp312-cp312-macosx_11_0_arm64.whl", hash = "sha256:a5a1595fe639f5988ba6a8e5bc9649af3baf26df3998a0abe56c02609392e0a4"},
    {file = "pandas-2.2.3-cp312-cp312-manylinux2014_aarch64.manylinux_2_17_aarch64.whl", hash = "sha256:5de54125a92bb4d1c051c0659e6fcb75256bf799a732a87184e5ea503965bce3"},
    {file = "pandas-2.2.3-cp312-cp312-manylinux_2_17_x86_64.manylinux2014_x86_64.whl", hash = "sha256:fffb8ae78d8af97f849404f21411c95062db1496aeb3e56f146f0355c9989319"},
    {file = "pandas-2.2.3-cp312-cp312-musllinux_1_2_aarch64.whl", hash = "sha256:6dfcb5ee8d4d50c06a51c2fffa6cff6272098ad6540aed1a76d15fb9318194d8"},
    {file = "pandas-2.2.3-cp312-cp312-musllinux_1_2_x86_64.whl", hash = "sha256:062309c1b9ea12a50e8ce661145c6aab431b1e99530d3cd60640e255778bd43a"},
    {file = "pandas-2.2.3-cp312-cp312-win_amd64.whl", hash = "sha256:59ef3764d0fe818125a5097d2ae867ca3fa64df032331b7e0917cf5d7bf66b13"},
    {file = "pandas-2.2.3-cp313-cp313-macosx_10_13_x86_64.whl", hash = "sha256:f00d1345d84d8c86a63e476bb4955e46458b304b9575dcf71102b5c705320015"},
    {file = "pandas-2.2.3-cp313-cp313-macosx_11_0_arm64.whl", hash = "sha256:3508d914817e153ad359d7e069d752cdd736a247c322d932eb89e6bc84217f28"},
    {file = "pandas-2.2.3-cp313-cp313-manylinux2014_aarch64.manylinux_2_17_aarch64.whl", hash = "sha256:22a9d949bfc9a502d320aa04e5d02feab689d61da4e7764b62c30b991c42c5f0"},
    {file = "pandas-2.2.3-cp313-cp313-manylinux_2_17_x86_64.manylinux2014_x86_64.whl", hash = "sha256:f3a255b2c19987fbbe62a9dfd6cff7ff2aa9ccab3fc75218fd4b7530f01efa24"},
    {file = "pandas-2.2.3-cp313-cp313-musllinux_1_2_aarch64.whl", hash = "sha256:800250ecdadb6d9c78eae4990da62743b857b470883fa27f652db8bdde7f6659"},
    {file = "pandas-2.2.3-cp313-cp313-musllinux_1_2_x86_64.whl", hash = "sha256:6374c452ff3ec675a8f46fd9ab25c4ad0ba590b71cf0656f8b6daa5202bca3fb"},
    {file = "pandas-2.2.3-cp313-cp313-win_amd64.whl", hash = "sha256:61c5ad4043f791b61dd4752191d9f07f0ae412515d59ba8f005832a532f8736d"},
    {file = "pandas-2.2.3-cp313-cp313t-macosx_10_13_x86_64.whl", hash = "sha256:3b71f27954685ee685317063bf13c7709a7ba74fc996b84fc6821c59b0f06468"},
    {file = "pandas-2.2.3-cp313-cp313t-macosx_11_0_arm64.whl", hash = "sha256:38cf8125c40dae9d5acc10fa66af8ea6fdf760b2714ee482ca691fc66e6fcb18"},
    {file = "pandas-2.2.3-cp313-cp313t-manylinux2014_aarch64.manylinux_2_17_aarch64.whl", hash = "sha256:ba96630bc17c875161df3818780af30e43be9b166ce51c9a18c1feae342906c2"},
    {file = "pandas-2.2.3-cp313-cp313t-manylinux_2_17_x86_64.manylinux2014_x86_64.whl", hash = "sha256:1db71525a1538b30142094edb9adc10be3f3e176748cd7acc2240c2f2e5aa3a4"},
    {file = "pandas-2.2.3-cp313-cp313t-musllinux_1_2_aarch64.whl", hash = "sha256:15c0e1e02e93116177d29ff83e8b1619c93ddc9c49083f237d4312337a61165d"},
    {file = "pandas-2.2.3-cp313-cp313t-musllinux_1_2_x86_64.whl", hash = "sha256:ad5b65698ab28ed8d7f18790a0dc58005c7629f227be9ecc1072aa74c0c1d43a"},
    {file = "pandas-2.2.3-cp39-cp39-macosx_10_9_x86_64.whl", hash = "sha256:bc6b93f9b966093cb0fd62ff1a7e4c09e6d546ad7c1de191767baffc57628f39"},
    {file = "pandas-2.2.3-cp39-cp39-macosx_11_0_arm64.whl", hash = "sha256:5dbca4c1acd72e8eeef4753eeca07de9b1db4f398669d5994086f788a5d7cc30"},
    {file = "pandas-2.2.3-cp39-cp39-manylinux2014_aarch64.manylinux_2_17_aarch64.whl", hash = "sha256:8cd6d7cc958a3910f934ea8dbdf17b2364827bb4dafc38ce6eef6bb3d65ff09c"},
    {file = "pandas-2.2.3-cp39-cp39-manylinux_2_17_x86_64.manylinux2014_x86_64.whl", hash = "sha256:99df71520d25fade9db7c1076ac94eb994f4d2673ef2aa2e86ee039b6746d20c"},
    {file = "pandas-2.2.3-cp39-cp39-musllinux_1_2_aarch64.whl", hash = "sha256:31d0ced62d4ea3e231a9f228366919a5ea0b07440d9d4dac345376fd8e1477ea"},
    {file = "pandas-2.2.3-cp39-cp39-musllinux_1_2_x86_64.whl", hash = "sha256:7eee9e7cea6adf3e3d24e304ac6b8300646e2a5d1cd3a3c2abed9101b0846761"},
    {file = "pandas-2.2.3-cp39-cp39-win_amd64.whl", hash = "sha256:4850ba03528b6dd51d6c5d273c46f183f39a9baf3f0143e566b89450965b105e"},
    {file = "pandas-2.2.3.tar.gz", hash = "sha256:4f18ba62b61d7e192368b84517265a99b4d7ee8912f8708660fb4a366cc82667"},
]

[package.dependencies]
numpy = [
    {version = ">=1.22.4", markers = "python_version < \"3.11\""},
    {version = ">=1.23.2", markers = "python_version == \"3.11\""},
    {version = ">=1.26.0", markers = "python_version >= \"3.12\""},
]
python-dateutil = ">=2.8.2"
pytz = ">=2020.1"
tzdata = ">=2022.7"

[package.extras]
all = ["PyQt5 (>=5.15.9)", "SQLAlchemy (>=2.0.0)", "adbc-driver-postgresql (>=0.8.0)", "adbc-driver-sqlite (>=0.8.0)", "beautifulsoup4 (>=4.11.2)", "bottleneck (>=1.3.6)", "dataframe-api-compat (>=0.1.7)", "fastparquet (>=2022.12.0)", "fsspec (>=2022.11.0)", "gcsfs (>=2022.11.0)", "html5lib (>=1.1)", "hypothesis (>=6.46.1)", "jinja2 (>=3.1.2)", "lxml (>=4.9.2)", "matplotlib (>=3.6.3)", "numba (>=0.56.4)", "numexpr (>=2.8.4)", "odfpy (>=1.4.1)", "openpyxl (>=3.1.0)", "pandas-gbq (>=0.19.0)", "psycopg2 (>=2.9.6)", "pyarrow (>=10.0.1)", "pymysql (>=1.0.2)", "pyreadstat (>=1.2.0)", "pytest (>=7.3.2)", "pytest-xdist (>=2.2.0)", "python-calamine (>=0.1.7)", "pyxlsb (>=1.0.10)", "qtpy (>=2.3.0)", "s3fs (>=2022.11.0)", "scipy (>=1.10.0)", "tables (>=3.8.0)", "tabulate (>=0.9.0)", "xarray (>=2022.12.0)", "xlrd (>=2.0.1)", "xlsxwriter (>=3.0.5)", "zstandard (>=0.19.0)"]
aws = ["s3fs (>=2022.11.0)"]
clipboard = ["PyQt5 (>=5.15.9)", "qtpy (>=2.3.0)"]
compression = ["zstandard (>=0.19.0)"]
computation = ["scipy (>=1.10.0)", "xarray (>=2022.12.0)"]
consortium-standard = ["dataframe-api-compat (>=0.1.7)"]
excel = ["odfpy (>=1.4.1)", "openpyxl (>=3.1.0)", "python-calamine (>=0.1.7)", "pyxlsb (>=1.0.10)", "xlrd (>=2.0.1)", "xlsxwriter (>=3.0.5)"]
feather = ["pyarrow (>=10.0.1)"]
fss = ["fsspec (>=2022.11.0)"]
gcp = ["gcsfs (>=2022.11.0)", "pandas-gbq (>=0.19.0)"]
hdf5 = ["tables (>=3.8.0)"]
html = ["beautifulsoup4 (>=4.11.2)", "html5lib (>=1.1)", "lxml (>=4.9.2)"]
mysql = ["SQLAlchemy (>=2.0.0)", "pymysql (>=1.0.2)"]
output-formatting = ["jinja2 (>=3.1.2)", "tabulate (>=0.9.0)"]
parquet = ["pyarrow (>=10.0.1)"]
performance = ["bottleneck (>=1.3.6)", "numba (>=0.56.4)", "numexpr (>=2.8.4)"]
plot = ["matplotlib (>=3.6.3)"]
postgresql = ["SQLAlchemy (>=2.0.0)", "adbc-driver-postgresql (>=0.8.0)", "psycopg2 (>=2.9.6)"]
pyarrow = ["pyarrow (>=10.0.1)"]
spss = ["pyreadstat (>=1.2.0)"]
sql-other = ["SQLAlchemy (>=2.0.0)", "adbc-driver-postgresql (>=0.8.0)", "adbc-driver-sqlite (>=0.8.0)"]
test = ["hypothesis (>=6.46.1)", "pytest (>=7.3.2)", "pytest-xdist (>=2.2.0)"]
xml = ["lxml (>=4.9.2)"]

[[package]]
name = "polars"
version = "1.25.2"
description = "Blazingly fast DataFrame library"
optional = false
python-versions = ">=3.9"
files = [
    {file = "polars-1.25.2-cp39-abi3-macosx_10_12_x86_64.whl", hash = "sha256:59f2a34520ea4307a22e18b832310f8045a8a348606ca99ae785499b31eb4170"},
    {file = "polars-1.25.2-cp39-abi3-macosx_11_0_arm64.whl", hash = "sha256:e9fe45bdc2327c2e2b64e8849a992b6d3bd4a7e7848b8a7a3a439cca9674dc87"},
    {file = "polars-1.25.2-cp39-abi3-manylinux_2_17_x86_64.manylinux2014_x86_64.whl", hash = "sha256:f7fcbb4f476784384ccda48757fca4e8c2e2c5a0a3aef3717aaf56aee4e30e09"},
    {file = "polars-1.25.2-cp39-abi3-manylinux_2_24_aarch64.whl", hash = "sha256:9dd91885c9ee5ffad8725c8591f73fb7bd2632c740277ee641f0453176b3d4b8"},
    {file = "polars-1.25.2-cp39-abi3-win_amd64.whl", hash = "sha256:a547796643b9a56cb2959be87d7cb87ff80a5c8ae9367f32fe1ad717039e9afc"},
    {file = "polars-1.25.2-cp39-abi3-win_arm64.whl", hash = "sha256:a2488e9d4b67bf47b18088f7264999180559e6ec2637ed11f9d0d4f98a74a37c"},
    {file = "polars-1.25.2.tar.gz", hash = "sha256:c6bd9b1b17c86e49bcf8aac44d2238b77e414d7df890afc3924812a5c989a4fe"},
]

[package.extras]
adbc = ["adbc-driver-manager[dbapi]", "adbc-driver-sqlite[dbapi]"]
all = ["polars[async,cloudpickle,database,deltalake,excel,fsspec,graph,iceberg,numpy,pandas,plot,pyarrow,pydantic,style,timezone]"]
async = ["gevent"]
calamine = ["fastexcel (>=0.9)"]
cloudpickle = ["cloudpickle"]
connectorx = ["connectorx (>=0.3.2)"]
database = ["polars[adbc,connectorx,sqlalchemy]"]
deltalake = ["deltalake (>=0.19.0)"]
excel = ["polars[calamine,openpyxl,xlsx2csv,xlsxwriter]"]
fsspec = ["fsspec"]
gpu = ["cudf-polars-cu12"]
graph = ["matplotlib"]
iceberg = ["pyiceberg (>=0.7.1)"]
numpy = ["numpy (>=1.16.0)"]
openpyxl = ["openpyxl (>=3.0.0)"]
pandas = ["pandas", "polars[pyarrow]"]
plot = ["altair (>=5.4.0)"]
polars-cloud = ["polars-cloud (>=0.0.1a1)"]
pyarrow = ["pyarrow (>=7.0.0)"]
pydantic = ["pydantic"]
sqlalchemy = ["polars[pandas]", "sqlalchemy"]
style = ["great-tables (>=0.8.0)"]
timezone = ["tzdata"]
xlsx2csv = ["xlsx2csv (>=0.8.0)"]
xlsxwriter = ["xlsxwriter"]

[[package]]
name = "pycodestyle"
version = "2.11.1"
description = "Python style guide checker"
optional = false
python-versions = ">=3.8"
files = [
    {file = "pycodestyle-2.11.1-py2.py3-none-any.whl", hash = "sha256:44fe31000b2d866f2e41841b18528a505fbd7fef9017b04eff4e2648a0fadc67"},
    {file = "pycodestyle-2.11.1.tar.gz", hash = "sha256:41ba0e7afc9752dfb53ced5489e89f8186be00e599e712660695b7a75ff2663f"},
]

[[package]]
name = "pyflakes"
version = "3.2.0"
description = "passive checker of Python programs"
optional = false
python-versions = ">=3.8"
files = [
    {file = "pyflakes-3.2.0-py2.py3-none-any.whl", hash = "sha256:84b5be138a2dfbb40689ca07e2152deb896a65c3a3e24c251c5c62489568074a"},
    {file = "pyflakes-3.2.0.tar.gz", hash = "sha256:1c61603ff154621fb2a9172037d84dca3500def8c8b630657d1701f026f8af3f"},
]

[[package]]
name = "python-dateutil"
version = "2.9.0.post0"
description = "Extensions to the standard Python datetime module"
optional = false
python-versions = "!=3.0.*,!=3.1.*,!=3.2.*,>=2.7"
files = [
    {file = "python-dateutil-2.9.0.post0.tar.gz", hash = "sha256:37dd54208da7e1cd875388217d5e00ebd4179249f90fb72437e91a35459a0ad3"},
    {file = "python_dateutil-2.9.0.post0-py2.py3-none-any.whl", hash = "sha256:a8b2bc7bffae282281c8140a97d3aa9c14da0b136dfe83f850eea9a5f7470427"},
]

[package.dependencies]
six = ">=1.5"

[[package]]
name = "pytz"
version = "2025.1"
description = "World timezone definitions, modern and historical"
optional = false
python-versions = "*"
files = [
    {file = "pytz-2025.1-py2.py3-none-any.whl", hash = "sha256:89dd22dca55b46eac6eda23b2d72721bf1bdfef212645d81513ef5d03038de57"},
    {file = "pytz-2025.1.tar.gz", hash = "sha256:c2db42be2a2518b28e65f9207c4d05e6ff547d1efa4086469ef855e4ab70178e"},
]

[[package]]
name = "scipy"
version = "1.15.2"
description = "Fundamental algorithms for scientific computing in Python"
optional = false
python-versions = ">=3.10"
files = [
    {file = "scipy-1.15.2-cp310-cp310-macosx_10_13_x86_64.whl", hash = "sha256:a2ec871edaa863e8213ea5df811cd600734f6400b4af272e1c011e69401218e9"},
    {file = "scipy-1.15.2-cp310-cp310-macosx_12_0_arm64.whl", hash = "sha256:6f223753c6ea76983af380787611ae1291e3ceb23917393079dcc746ba60cfb5"},
    {file = "scipy-1.15.2-cp310-cp310-macosx_14_0_arm64.whl", hash = "sha256:ecf797d2d798cf7c838c6d98321061eb3e72a74710e6c40540f0e8087e3b499e"},
    {file = "scipy-1.15.2-cp310-cp310-macosx_14_0_x86_64.whl", hash = "sha256:9b18aa747da280664642997e65aab1dd19d0c3d17068a04b3fe34e2559196cb9"},
    {file = "scipy-1.15.2-cp310-cp310-manylinux_2_17_aarch64.manylinux2014_aarch64.whl", hash = "sha256:87994da02e73549dfecaed9e09a4f9d58a045a053865679aeb8d6d43747d4df3"},
    {file = "scipy-1.15.2-cp310-cp310-manylinux_2_17_x86_64.manylinux2014_x86_64.whl", hash = "sha256:69ea6e56d00977f355c0f84eba69877b6df084516c602d93a33812aa04d90a3d"},
    {file = "scipy-1.15.2-cp310-cp310-musllinux_1_2_aarch64.whl", hash = "sha256:888307125ea0c4466287191e5606a2c910963405ce9671448ff9c81c53f85f58"},
    {file = "scipy-1.15.2-cp310-cp310-musllinux_1_2_x86_64.whl", hash = "sha256:9412f5e408b397ff5641080ed1e798623dbe1ec0d78e72c9eca8992976fa65aa"},
    {file = "scipy-1.15.2-cp310-cp310-win_amd64.whl", hash = "sha256:b5e025e903b4f166ea03b109bb241355b9c42c279ea694d8864d033727205e65"},
    {file = "scipy-1.15.2-cp311-cp311-macosx_10_13_x86_64.whl", hash = "sha256:92233b2df6938147be6fa8824b8136f29a18f016ecde986666be5f4d686a91a4"},
    {file = "scipy-1.15.2-cp311-cp311-macosx_12_0_arm64.whl", hash = "sha256:62ca1ff3eb513e09ed17a5736929429189adf16d2d740f44e53270cc800ecff1"},
    {file = "scipy-1.15.2-cp311-cp311-macosx_14_0_arm64.whl", hash = "sha256:4c6676490ad76d1c2894d77f976144b41bd1a4052107902238047fb6a473e971"},
    {file = "scipy-1.15.2-cp311-cp311-macosx_14_0_x86_64.whl", hash = "sha256:a8bf5cb4a25046ac61d38f8d3c3426ec11ebc350246a4642f2f315fe95bda655"},
    {file = "scipy-1.15.2-cp311-cp311-manylinux_2_17_aarch64.manylinux2014_aarch64.whl", hash = "sha256:6a8e34cf4c188b6dd004654f88586d78f95639e48a25dfae9c5e34a6dc34547e"},
    {file = "scipy-1.15.2-cp311-cp311-manylinux_2_17_x86_64.manylinux2014_x86_64.whl", hash = "sha256:28a0d2c2075946346e4408b211240764759e0fabaeb08d871639b5f3b1aca8a0"},
    {file = "scipy-1.15.2-cp311-cp311-musllinux_1_2_aarch64.whl", hash = "sha256:42dabaaa798e987c425ed76062794e93a243be8f0f20fff6e7a89f4d61cb3d40"},
    {file = "scipy-1.15.2-cp311-cp311-musllinux_1_2_x86_64.whl", hash = "sha256:6f5e296ec63c5da6ba6fa0343ea73fd51b8b3e1a300b0a8cae3ed4b1122c7462"},
    {file = "scipy-1.15.2-cp311-cp311-win_amd64.whl", hash = "sha256:597a0c7008b21c035831c39927406c6181bcf8f60a73f36219b69d010aa04737"},
    {file = "scipy-1.15.2-cp312-cp312-macosx_10_13_x86_64.whl", hash = "sha256:c4697a10da8f8765bb7c83e24a470da5797e37041edfd77fd95ba3811a47c4fd"},
    {file = "scipy-1.15.2-cp312-cp312-macosx_12_0_arm64.whl", hash = "sha256:869269b767d5ee7ea6991ed7e22b3ca1f22de73ab9a49c44bad338b725603301"},
    {file = "scipy-1.15.2-cp312-cp312-macosx_14_0_arm64.whl", hash = "sha256:bad78d580270a4d32470563ea86c6590b465cb98f83d760ff5b0990cb5518a93"},
    {file = "scipy-1.15.2-cp312-cp312-macosx_14_0_x86_64.whl", hash = "sha256:b09ae80010f52efddb15551025f9016c910296cf70adbf03ce2a8704f3a5ad20"},
    {file = "scipy-1.15.2-cp312-cp312-manylinux_2_17_aarch64.manylinux2014_aarch64.whl", hash = "sha256:5a6fd6eac1ce74a9f77a7fc724080d507c5812d61e72bd5e4c489b042455865e"},
    {file = "scipy-1.15.2-cp312-cp312-manylinux_2_17_x86_64.manylinux2014_x86_64.whl", hash = "sha256:2b871df1fe1a3ba85d90e22742b93584f8d2b8e6124f8372ab15c71b73e428b8"},
    {file = "scipy-1.15.2-cp312-cp312-musllinux_1_2_aarch64.whl", hash = "sha256:03205d57a28e18dfd39f0377d5002725bf1f19a46f444108c29bdb246b6c8a11"},
    {file = "scipy-1.15.2-cp312-cp312-musllinux_1_2_x86_64.whl", hash = "sha256:601881dfb761311045b03114c5fe718a12634e5608c3b403737ae463c9885d53"},
    {file = "scipy-1.15.2-cp312-cp312-win_amd64.whl", hash = "sha256:e7c68b6a43259ba0aab737237876e5c2c549a031ddb7abc28c7b47f22e202ded"},
    {file = "scipy-1.15.2-cp313-cp313-macosx_10_13_x86_64.whl", hash = "sha256:01edfac9f0798ad6b46d9c4c9ca0e0ad23dbf0b1eb70e96adb9fa7f525eff0bf"},
    {file = "scipy-1.15.2-cp313-cp313-macosx_12_0_arm64.whl", hash = "sha256:08b57a9336b8e79b305a143c3655cc5bdbe6d5ece3378578888d2afbb51c4e37"},
    {file = "scipy-1.15.2-cp313-cp313-macosx_14_0_arm64.whl", hash = "sha256:54c462098484e7466362a9f1672d20888f724911a74c22ae35b61f9c5919183d"},
    {file = "scipy-1.15.2-cp313-cp313-macosx_14_0_x86_64.whl", hash = "sha256:cf72ff559a53a6a6d77bd8eefd12a17995ffa44ad86c77a5df96f533d4e6c6bb"},
    {file = "scipy-1.15.2-cp313-cp313-manylinux_2_17_aarch64.manylinux2014_aarch64.whl", hash = "sha256:9de9d1416b3d9e7df9923ab23cd2fe714244af10b763975bea9e4f2e81cebd27"},
    {file = "scipy-1.15.2-cp313-cp313-manylinux_2_17_x86_64.manylinux2014_x86_64.whl", hash = "sha256:fb530e4794fc8ea76a4a21ccb67dea33e5e0e60f07fc38a49e821e1eae3b71a0"},
    {file = "scipy-1.15.2-cp313-cp313-musllinux_1_2_aarch64.whl", hash = "sha256:5ea7ed46d437fc52350b028b1d44e002646e28f3e8ddc714011aaf87330f2f32"},
    {file = "scipy-1.15.2-cp313-cp313-musllinux_1_2_x86_64.whl", hash = "sha256:11e7ad32cf184b74380f43d3c0a706f49358b904fa7d5345f16ddf993609184d"},
    {file = "scipy-1.15.2-cp313-cp313-win_amd64.whl", hash = "sha256:a5080a79dfb9b78b768cebf3c9dcbc7b665c5875793569f48bf0e2b1d7f68f6f"},
    {file = "scipy-1.15.2-cp313-cp313t-macosx_10_13_x86_64.whl", hash = "sha256:447ce30cee6a9d5d1379087c9e474628dab3db4a67484be1b7dc3196bfb2fac9"},
    {file = "scipy-1.15.2-cp313-cp313t-macosx_12_0_arm64.whl", hash = "sha256:c90ebe8aaa4397eaefa8455a8182b164a6cc1d59ad53f79943f266d99f68687f"},
    {file = "scipy-1.15.2-cp313-cp313t-macosx_14_0_arm64.whl", hash = "sha256:def751dd08243934c884a3221156d63e15234a3155cf25978b0a668409d45eb6"},
    {file = "scipy-1.15.2-cp313-cp313t-macosx_14_0_x86_64.whl", hash = "sha256:302093e7dfb120e55515936cb55618ee0b895f8bcaf18ff81eca086c17bd80af"},
    {file = "scipy-1.15.2-cp313-cp313t-manylinux_2_17_aarch64.manylinux2014_aarch64.whl", hash = "sha256:7cd5b77413e1855351cdde594eca99c1f4a588c2d63711388b6a1f1c01f62274"},
    {file = "scipy-1.15.2-cp313-cp313t-manylinux_2_17_x86_64.manylinux2014_x86_64.whl", hash = "sha256:6d0194c37037707b2afa7a2f2a924cf7bac3dc292d51b6a925e5fcb89bc5c776"},
    {file = "scipy-1.15.2-cp313-cp313t-musllinux_1_2_aarch64.whl", hash = "sha256:bae43364d600fdc3ac327db99659dcb79e6e7ecd279a75fe1266669d9a652828"},
    {file = "scipy-1.15.2-cp313-cp313t-musllinux_1_2_x86_64.whl", hash = "sha256:f031846580d9acccd0044efd1a90e6f4df3a6e12b4b6bd694a7bc03a89892b28"},
    {file = "scipy-1.15.2-cp313-cp313t-win_amd64.whl", hash = "sha256:fe8a9eb875d430d81755472c5ba75e84acc980e4a8f6204d402849234d3017db"},
    {file = "scipy-1.15.2.tar.gz", hash = "sha256:cd58a314d92838f7e6f755c8a2167ead4f27e1fd5c1251fd54289569ef3495ec"},
]

[package.dependencies]
numpy = ">=1.23.5,<2.5"

[package.extras]
dev = ["cython-lint (>=0.12.2)", "doit (>=0.36.0)", "mypy (==1.10.0)", "pycodestyle", "pydevtool", "rich-click", "ruff (>=0.0.292)", "types-psutil", "typing_extensions"]
doc = ["intersphinx_registry", "jupyterlite-pyodide-kernel", "jupyterlite-sphinx (>=0.16.5)", "jupytext", "matplotlib (>=3.5)", "myst-nb", "numpydoc", "pooch", "pydata-sphinx-theme (>=0.15.2)", "sphinx (>=5.0.0,<8.0.0)", "sphinx-copybutton", "sphinx-design (>=0.4.0)"]
test = ["Cython", "array-api-strict (>=2.0,<2.1.1)", "asv", "gmpy2", "hypothesis (>=6.30)", "meson", "mpmath", "ninja", "pooch", "pytest", "pytest-cov", "pytest-timeout", "pytest-xdist", "scikit-umfpack", "threadpoolctl"]

[[package]]
name = "six"
version = "1.17.0"
description = "Python 2 and 3 compatibility utilities"
optional = false
python-versions = "!=3.0.*,!=3.1.*,!=3.2.*,>=2.7"
files = [
    {file = "six-1.17.0-py2.py3-none-any.whl", hash = "sha256:4721f391ed90541fddacab5acf947aa0d3dc7d27b2e1e8eda2be8970586c3274"},
    {file = "six-1.17.0.tar.gz", hash = "sha256:ff70335d468e7eb6ec65b95b99d3a2836546063f63acc5171de367e834932a81"},
]

[[package]]
name = "tzdata"
version = "2025.1"
description = "Provider of IANA time zone data"
optional = false
python-versions = ">=2"
files = [
    {file = "tzdata-2025.1-py2.py3-none-any.whl", hash = "sha256:7e127113816800496f027041c570f50bcd464a020098a3b6b199517772303639"},
    {file = "tzdata-2025.1.tar.gz", hash = "sha256:24894909e88cdb28bd1636c6887801df64cb485bd593f2fd83ef29075a81d694"},
]

[metadata]
lock-version = "2.0"
python-versions = ">=3.10"
content-hash = "fd71a4a49fc94c6ec13c7834d00a3e0dd5f1935295f79b15288ef7f2ab564649"
